
Microsoft Visual Studio Solution File, Format Version 12.00
# Visual Studio 15
VisualStudioVersion = 15.0.27428.2015
MinimumVisualStudioVersion = 10.0.40219.1
Project("{00D1A9C2-B5F0-4AF3-8072-F6C62B433612}") = "MB_OLD_DBProject", "MB_OLD\MB_OLD_DBProject.sqlproj", "{D06E00FB-268D-4090-946C-D6DDEA0EB794}"
EndProject
Global
	GlobalSection(SolutionConfigurationPlatforms) = preSolution
		Debug|Any CPU = Debug|Any CPU
		Release|Any CPU = Release|Any CPU
	EndGlobalSection
	GlobalSection(ProjectConfigurationPlatforms) = postSolution
		{D06E00FB-268D-4090-946C-D6DDEA0EB794}.Debug|Any CPU.ActiveCfg = Debug|Any CPU
		{D06E00FB-268D-4090-946C-D6DDEA0EB794}.Debug|Any CPU.Build.0 = Debug|Any CPU
		{D06E00FB-268D-4090-946C-D6DDEA0EB794}.Debug|Any CPU.Deploy.0 = Debug|Any CPU
		{D06E00FB-268D-4090-946C-D6DDEA0EB794}.Release|Any CPU.ActiveCfg = Release|Any CPU
		{D06E00FB-268D-4090-946C-D6DDEA0EB794}.Release|Any CPU.Build.0 = Release|Any CPU
		{D06E00FB-268D-4090-946C-D6DDEA0EB794}.Release|Any CPU.Deploy.0 = Release|Any CPU
	EndGlobalSection
	GlobalSection(SolutionProperties) = preSolution
		HideSolutionNode = FALSE
	EndGlobalSection
	GlobalSection(ExtensibilityGlobals) = postSolution
		SolutionGuid = {18FEE4AE-0EE1-4CB1-A2B9-98FF33ED3F79}
	EndGlobalSection
EndGlobal
