
Microsoft Visual Studio Solution File, Format Version 12.00
# Visual Studio 15
VisualStudioVersion = 15.0.27428.2015
MinimumVisualStudioVersion = 10.0.40219.1
Project("{00D1A9C2-B5F0-4AF3-8072-F6C62B433612}") = "MB_OLD_DBProject", "MB_OLD\MB_OLD_DBProject.sqlproj", "{38D22BF5-89EF-4A38-B98F-450D1B4A969F}"
EndProject
Global
	GlobalSection(SolutionConfigurationPlatforms) = preSolution
		Debug|Any CPU = Debug|Any CPU
		Release|Any CPU = Release|Any CPU
	EndGlobalSection
	GlobalSection(ProjectConfigurationPlatforms) = postSolution
		{38D22BF5-89EF-4A38-B98F-450D1B4A969F}.Debug|Any CPU.ActiveCfg = Debug|Any CPU
		{38D22BF5-89EF-4A38-B98F-450D1B4A969F}.Debug|Any CPU.Build.0 = Debug|Any CPU
		{38D22BF5-89EF-4A38-B98F-450D1B4A969F}.Debug|Any CPU.Deploy.0 = Debug|Any CPU
		{38D22BF5-89EF-4A38-B98F-450D1B4A969F}.Release|Any CPU.ActiveCfg = Release|Any CPU
		{38D22BF5-89EF-4A38-B98F-450D1B4A969F}.Release|Any CPU.Build.0 = Release|Any CPU
		{38D22BF5-89EF-4A38-B98F-450D1B4A969F}.Release|Any CPU.Deploy.0 = Release|Any CPU
	EndGlobalSection
	GlobalSection(SolutionProperties) = preSolution
		HideSolutionNode = FALSE
	EndGlobalSection
	GlobalSection(ExtensibilityGlobals) = postSolution
		SolutionGuid = {B0BE1BE9-5F3A-4060-B88D-2305D5002A61}
	EndGlobalSection
EndGlobal
