
Microsoft Visual Studio Solution File, Format Version 12.00
# Visual Studio 15
VisualStudioVersion = 15.0.27428.2015
MinimumVisualStudioVersion = 10.0.40219.1
Project("{00D1A9C2-B5F0-4AF3-8072-F6C62B433612}") = "MB_OLD_DBProject", "MB_OLD\MB_OLD_DBProject.sqlproj", "{5BADB559-6856-4A73-BFE9-DD8854C2B0AA}"
EndProject
Global
	GlobalSection(SolutionConfigurationPlatforms) = preSolution
		Debug|Any CPU = Debug|Any CPU
		Release|Any CPU = Release|Any CPU
	EndGlobalSection
	GlobalSection(ProjectConfigurationPlatforms) = postSolution
		{5BADB559-6856-4A73-BFE9-DD8854C2B0AA}.Debug|Any CPU.ActiveCfg = Debug|Any CPU
		{5BADB559-6856-4A73-BFE9-DD8854C2B0AA}.Debug|Any CPU.Build.0 = Debug|Any CPU
		{5BADB559-6856-4A73-BFE9-DD8854C2B0AA}.Debug|Any CPU.Deploy.0 = Debug|Any CPU
		{5BADB559-6856-4A73-BFE9-DD8854C2B0AA}.Release|Any CPU.ActiveCfg = Release|Any CPU
		{5BADB559-6856-4A73-BFE9-DD8854C2B0AA}.Release|Any CPU.Build.0 = Release|Any CPU
		{5BADB559-6856-4A73-BFE9-DD8854C2B0AA}.Release|Any CPU.Deploy.0 = Release|Any CPU
	EndGlobalSection
	GlobalSection(SolutionProperties) = preSolution
		HideSolutionNode = FALSE
	EndGlobalSection
	GlobalSection(ExtensibilityGlobals) = postSolution
		SolutionGuid = {E10DCE55-1E39-4ACE-AD49-EDD4C40048D0}
	EndGlobalSection
EndGlobal
